// !$*UTF8*$!
{
	archiveVersion = 1;
	classes = {
	};
	objectVersion = 46;
	objects = {

/* Begin PBXBuildFile section */
		12E6CA3B1C8C4132E0F1E560 /* Pods_RequestResponse.framework in Frameworks */ = {isa = PBXBuildFile; fileRef = DBD11BF49F5A393C3EF6EB94 /* Pods_RequestResponse.framework */; };
		A95E3ED51CBE55EE00E27E1A /* Result.swift in Sources */ = {isa = PBXBuildFile; fileRef = A95E3ED41CBE55EE00E27E1A /* Result.swift */; };
		A95E3ED71CBE573700E27E1A /* ResultCell.swift in Sources */ = {isa = PBXBuildFile; fileRef = A95E3ED61CBE573700E27E1A /* ResultCell.swift */; };
		A9C749371CB3D8A500A39D28 /* AppDelegate.swift in Sources */ = {isa = PBXBuildFile; fileRef = A9C749361CB3D8A500A39D28 /* AppDelegate.swift */; };
		A9C749391CB3D8A500A39D28 /* ViewController.swift in Sources */ = {isa = PBXBuildFile; fileRef = A9C749381CB3D8A500A39D28 /* ViewController.swift */; };
		A9C7493C1CB3D8A500A39D28 /* Main.storyboard in Resources */ = {isa = PBXBuildFile; fileRef = A9C7493A1CB3D8A500A39D28 /* Main.storyboard */; };
		A9C7493E1CB3D8A500A39D28 /* Assets.xcassets in Resources */ = {isa = PBXBuildFile; fileRef = A9C7493D1CB3D8A500A39D28 /* Assets.xcassets */; };
		A9C749411CB3D8A500A39D28 /* LaunchScreen.storyboard in Resources */ = {isa = PBXBuildFile; fileRef = A9C7493F1CB3D8A500A39D28 /* LaunchScreen.storyboard */; };
/* End PBXBuildFile section */

/* Begin PBXFileReference section */
		268F11B7BBCA701E648B523B /* Pods-RequestResponse.debug.xcconfig */ = {isa = PBXFileReference; includeInIndex = 1; lastKnownFileType = text.xcconfig; name = "Pods-RequestResponse.debug.xcconfig"; path = "Pods/Target Support Files/Pods-RequestResponse/Pods-RequestResponse.debug.xcconfig"; sourceTree = "<group>"; };
		A95E3ED41CBE55EE00E27E1A /* Result.swift */ = {isa = PBXFileReference; fileEncoding = 4; lastKnownFileType = sourcecode.swift; path = Result.swift; sourceTree = "<group>"; };
		A95E3ED61CBE573700E27E1A /* ResultCell.swift */ = {isa = PBXFileReference; fileEncoding = 4; lastKnownFileType = sourcecode.swift; path = ResultCell.swift; sourceTree = "<group>"; };
		A9C749331CB3D8A500A39D28 /* RequestResponse.app */ = {isa = PBXFileReference; explicitFileType = wrapper.application; includeInIndex = 0; path = RequestResponse.app; sourceTree = BUILT_PRODUCTS_DIR; };
		A9C749361CB3D8A500A39D28 /* AppDelegate.swift */ = {isa = PBXFileReference; lastKnownFileType = sourcecode.swift; path = AppDelegate.swift; sourceTree = "<group>"; };
		A9C749381CB3D8A500A39D28 /* ViewController.swift */ = {isa = PBXFileReference; lastKnownFileType = sourcecode.swift; path = ViewController.swift; sourceTree = "<group>"; };
		A9C7493B1CB3D8A500A39D28 /* Base */ = {isa = PBXFileReference; lastKnownFileType = file.storyboard; name = Base; path = Base.lproj/Main.storyboard; sourceTree = "<group>"; };
		A9C7493D1CB3D8A500A39D28 /* Assets.xcassets */ = {isa = PBXFileReference; lastKnownFileType = folder.assetcatalog; path = Assets.xcassets; sourceTree = "<group>"; };
		A9C749401CB3D8A500A39D28 /* Base */ = {isa = PBXFileReference; lastKnownFileType = file.storyboard; name = Base; path = Base.lproj/LaunchScreen.storyboard; sourceTree = "<group>"; };
		A9C749421CB3D8A600A39D28 /* Info.plist */ = {isa = PBXFileReference; lastKnownFileType = text.plist.xml; path = Info.plist; sourceTree = "<group>"; };
		DBD11BF49F5A393C3EF6EB94 /* Pods_RequestResponse.framework */ = {isa = PBXFileReference; explicitFileType = wrapper.framework; includeInIndex = 0; path = Pods_RequestResponse.framework; sourceTree = BUILT_PRODUCTS_DIR; };
		EF0981C0D0BA92787CE57900 /* Pods-RequestResponse.release.xcconfig */ = {isa = PBXFileReference; includeInIndex = 1; lastKnownFileType = text.xcconfig; name = "Pods-RequestResponse.release.xcconfig"; path = "Pods/Target Support Files/Pods-RequestResponse/Pods-RequestResponse.release.xcconfig"; sourceTree = "<group>"; };
/* End PBXFileReference section */

/* Begin PBXFrameworksBuildPhase section */
		A9C749301CB3D8A500A39D28 /* Frameworks */ = {
			isa = PBXFrameworksBuildPhase;
			buildActionMask = 2147483647;
			files = (
				12E6CA3B1C8C4132E0F1E560 /* Pods_RequestResponse.framework in Frameworks */,
			);
			runOnlyForDeploymentPostprocessing = 0;
		};
/* End PBXFrameworksBuildPhase section */

/* Begin PBXGroup section */
		044593D81106DD3C7921E110 /* Frameworks */ = {
			isa = PBXGroup;
			children = (
				DBD11BF49F5A393C3EF6EB94 /* Pods_RequestResponse.framework */,
			);
			name = Frameworks;
			sourceTree = "<group>";
		};
		A95E3ECE1CBE450500E27E1A /* Model */ = {
			isa = PBXGroup;
			children = (
				A95E3ED41CBE55EE00E27E1A /* Result.swift */,
			);
			name = Model;
			path = RequestResponse;
			sourceTree = "<group>";
		};
		A95E3ED11CBE499200E27E1A /* View */ = {
			isa = PBXGroup;
			children = (
				A95E3ED61CBE573700E27E1A /* ResultCell.swift */,
			);
			name = View;
			sourceTree = "<group>";
		};
		A9C7492A1CB3D8A500A39D28 = {
			isa = PBXGroup;
			children = (
				A95E3ED11CBE499200E27E1A /* View */,
				A95E3ECE1CBE450500E27E1A /* Model */,
				A9C749351CB3D8A500A39D28 /* RequestResponse */,
				A9C749341CB3D8A500A39D28 /* Products */,
				D08B12F0BAEF81D755C08600 /* Pods */,
				044593D81106DD3C7921E110 /* Frameworks */,
			);
			sourceTree = "<group>";
		};
		A9C749341CB3D8A500A39D28 /* Products */ = {
			isa = PBXGroup;
			children = (
				A9C749331CB3D8A500A39D28 /* RequestResponse.app */,
			);
			name = Products;
			sourceTree = "<group>";
		};
		A9C749351CB3D8A500A39D28 /* RequestResponse */ = {
			isa = PBXGroup;
			children = (
				A9C749361CB3D8A500A39D28 /* AppDelegate.swift */,
				A9C749381CB3D8A500A39D28 /* ViewController.swift */,
				A9C7493A1CB3D8A500A39D28 /* Main.storyboard */,
				A9C7493D1CB3D8A500A39D28 /* Assets.xcassets */,
				A9C7493F1CB3D8A500A39D28 /* LaunchScreen.storyboard */,
				A9C749421CB3D8A600A39D28 /* Info.plist */,
			);
			path = RequestResponse;
			sourceTree = "<group>";
		};
		D08B12F0BAEF81D755C08600 /* Pods */ = {
			isa = PBXGroup;
			children = (
				268F11B7BBCA701E648B523B /* Pods-RequestResponse.debug.xcconfig */,
				EF0981C0D0BA92787CE57900 /* Pods-RequestResponse.release.xcconfig */,
			);
			name = Pods;
			sourceTree = "<group>";
		};
/* End PBXGroup section */

/* Begin PBXNativeTarget section */
		A9C749321CB3D8A500A39D28 /* RequestResponse */ = {
			isa = PBXNativeTarget;
			buildConfigurationList = A9C749451CB3D8A600A39D28 /* Build configuration list for PBXNativeTarget "RequestResponse" */;
			buildPhases = (
				7E213A67B10AD0CBB591EB10 /* Check Pods Manifest.lock */,
				A9C7492F1CB3D8A500A39D28 /* Sources */,
				A9C749301CB3D8A500A39D28 /* Frameworks */,
				A9C749311CB3D8A500A39D28 /* Resources */,
				2CD69652E87127011FC108E3 /* Embed Pods Frameworks */,
				83158A6A1012616BF43FE94F /* Copy Pods Resources */,
			);
			buildRules = (
			);
			dependencies = (
			);
			name = RequestResponse;
			productName = RequestResponse;
			productReference = A9C749331CB3D8A500A39D28 /* RequestResponse.app */;
			productType = "com.apple.product-type.application";
		};
/* End PBXNativeTarget section */

/* Begin PBXProject section */
		A9C7492B1CB3D8A500A39D28 /* Project object */ = {
			isa = PBXProject;
			attributes = {
				LastSwiftUpdateCheck = 0730;
				LastUpgradeCheck = 0730;
				ORGANIZATIONNAME = "Ravindra Mukund";
				TargetAttributes = {
					A9C749321CB3D8A500A39D28 = {
						CreatedOnToolsVersion = 7.3;
					};
				};
			};
			buildConfigurationList = A9C7492E1CB3D8A500A39D28 /* Build configuration list for PBXProject "RequestResponse" */;
			compatibilityVersion = "Xcode 3.2";
			developmentRegion = English;
			hasScannedForEncodings = 0;
			knownRegions = (
				en,
				Base,
			);
			mainGroup = A9C7492A1CB3D8A500A39D28;
			productRefGroup = A9C749341CB3D8A500A39D28 /* Products */;
			projectDirPath = "";
			projectRoot = "";
			targets = (
				A9C749321CB3D8A500A39D28 /* RequestResponse */,
			);
		};
/* End PBXProject section */

/* Begin PBXResourcesBuildPhase section */
		A9C749311CB3D8A500A39D28 /* Resources */ = {
			isa = PBXResourcesBuildPhase;
			buildActionMask = 2147483647;
			files = (
				A9C749411CB3D8A500A39D28 /* LaunchScreen.storyboard in Resources */,
				A9C7493E1CB3D8A500A39D28 /* Assets.xcassets in Resources */,
				A9C7493C1CB3D8A500A39D28 /* Main.storyboard in Resources */,
			);
			runOnlyForDeploymentPostprocessing = 0;
		};
/* End PBXResourcesBuildPhase section */

/* Begin PBXShellScriptBuildPhase section */
		2CD69652E87127011FC108E3 /* Embed Pods Frameworks */ = {
			isa = PBXShellScriptBuildPhase;
			buildActionMask = 2147483647;
			files = (
			);
			inputPaths = (
			);
			name = "Embed Pods Frameworks";
			outputPaths = (
			);
			runOnlyForDeploymentPostprocessing = 0;
			shellPath = /bin/sh;
			shellScript = "\"${SRCROOT}/Pods/Target Support Files/Pods-RequestResponse/Pods-RequestResponse-frameworks.sh\"\n";
			showEnvVarsInLog = 0;
		};
		7E213A67B10AD0CBB591EB10 /* Check Pods Manifest.lock */ = {
			isa = PBXShellScriptBuildPhase;
			buildActionMask = 2147483647;
			files = (
			);
			inputPaths = (
			);
			name = "Check Pods Manifest.lock";
			outputPaths = (
			);
			runOnlyForDeploymentPostprocessing = 0;
			shellPath = /bin/sh;
			shellScript = "diff \"${PODS_ROOT}/../Podfile.lock\" \"${PODS_ROOT}/Manifest.lock\" > /dev/null\nif [[ $? != 0 ]] ; then\n    cat << EOM\nerror: The sandbox is not in sync with the Podfile.lock. Run 'pod install' or update your CocoaPods installation.\nEOM\n    exit 1\nfi\n";
			showEnvVarsInLog = 0;
		};
		83158A6A1012616BF43FE94F /* Copy Pods Resources */ = {
			isa = PBXShellScriptBuildPhase;
			buildActionMask = 2147483647;
			files = (
			);
			inputPaths = (
			);
			name = "Copy Pods Resources";
			outputPaths = (
			);
			runOnlyForDeploymentPostprocessing = 0;
			shellPath = /bin/sh;
			shellScript = "\"${SRCROOT}/Pods/Target Support Files/Pods-RequestResponse/Pods-RequestResponse-resources.sh\"\n";
			showEnvVarsInLog = 0;
		};
/* End PBXShellScriptBuildPhase section */

/* Begin PBXSourcesBuildPhase section */
		A9C7492F1CB3D8A500A39D28 /* Sources */ = {
			isa = PBXSourcesBuildPhase;
			buildActionMask = 2147483647;
			files = (
				A95E3ED51CBE55EE00E27E1A /* Result.swift in Sources */,
				A9C749391CB3D8A500A39D28 /* ViewController.swift in Sources */,
				A95E3ED71CBE573700E27E1A /* ResultCell.swift in Sources */,
				A9C749371CB3D8A500A39D28 /* AppDelegate.swift in Sources */,
			);
			runOnlyForDeploymentPostprocessing = 0;
		};
/* End PBXSourcesBuildPhase section */

/* Begin PBXVariantGroup section */
		A9C7493A1CB3D8A500A39D28 /* Main.storyboard */ = {
			isa = PBXVariantGroup;
			children = (
				A9C7493B1CB3D8A500A39D28 /* Base */,
			);
			name = Main.storyboard;
			sourceTree = "<group>";
		};
		A9C7493F1CB3D8A500A39D28 /* LaunchScreen.storyboard */ = {
			isa = PBXVariantGroup;
			children = (
				A9C749401CB3D8A500A39D28 /* Base */,
			);
			name = LaunchScreen.storyboard;
			sourceTree = "<group>";
		};
/* End PBXVariantGroup section */

/* Begin XCBuildConfiguration section */
		A9C749431CB3D8A600A39D28 /* Debug */ = {
			isa = XCBuildConfiguration;
			buildSettings = {
				ALWAYS_SEARCH_USER_PATHS = NO;
				CLANG_ANALYZER_NONNULL = YES;
				CLANG_CXX_LANGUAGE_STANDARD = "gnu++0x";
				CLANG_CXX_LIBRARY = "libc++";
				CLANG_ENABLE_MODULES = YES;
				CLANG_ENABLE_OBJC_ARC = YES;
				CLANG_WARN_BOOL_CONVERSION = YES;
				CLANG_WARN_CONSTANT_CONVERSION = YES;
				CLANG_WARN_DIRECT_OBJC_ISA_USAGE = YES_ERROR;
				CLANG_WARN_EMPTY_BODY = YES;
				CLANG_WARN_ENUM_CONVERSION = YES;
				CLANG_WARN_INT_CONVERSION = YES;
				CLANG_WARN_OBJC_ROOT_CLASS = YES_ERROR;
				CLANG_WARN_UNREACHABLE_CODE = YES;
				CLANG_WARN__DUPLICATE_METHOD_MATCH = YES;
				"CODE_SIGN_IDENTITY[sdk=iphoneos*]" = "iPhone Developer";
				COPY_PHASE_STRIP = NO;
				DEBUG_INFORMATION_FORMAT = dwarf;
				ENABLE_STRICT_OBJC_MSGSEND = YES;
				ENABLE_TESTABILITY = YES;
				GCC_C_LANGUAGE_STANDARD = gnu99;
				GCC_DYNAMIC_NO_PIC = NO;
				GCC_NO_COMMON_BLOCKS = YES;
				GCC_OPTIMIZATION_LEVEL = 0;
				GCC_PREPROCESSOR_DEFINITIONS = (
					"DEBUG=1",
					"$(inherited)",
				);
				GCC_WARN_64_TO_32_BIT_CONVERSION = YES;
				GCC_WARN_ABOUT_RETURN_TYPE = YES_ERROR;
				GCC_WARN_UNDECLARED_SELECTOR = YES;
				GCC_WARN_UNINITIALIZED_AUTOS = YES_AGGRESSIVE;
				GCC_WARN_UNUSED_FUNCTION = YES;
				GCC_WARN_UNUSED_VARIABLE = YES;
				IPHONEOS_DEPLOYMENT_TARGET = 9.3;
				MTL_ENABLE_DEBUG_INFO = YES;
				ONLY_ACTIVE_ARCH = YES;
				SDKROOT = iphoneos;
				SWIFT_OPTIMIZATION_LEVEL = "-Onone";
				TARGETED_DEVICE_FAMILY = "1,2";
			};
			name = Debug;
		};
		A9C749441CB3D8A600A39D28 /* Release */ = {
			isa = XCBuildConfiguration;
			buildSettings = {
				ALWAYS_SEARCH_USER_PATHS = NO;
				CLANG_ANALYZER_NONNULL = YES;
				CLANG_CXX_LANGUAGE_STANDARD = "gnu++0x";
				CLANG_CXX_LIBRARY = "libc++";
				CLANG_ENABLE_MODULES = YES;
				CLANG_ENABLE_OBJC_ARC = YES;
				CLANG_WARN_BOOL_CONVERSION = YES;
				CLANG_WARN_CONSTANT_CONVERSION = YES;
				CLANG_WARN_DIRECT_OBJC_ISA_USAGE = YES_ERROR;
				CLANG_WARN_EMPTY_BODY = YES;
				CLANG_WARN_ENUM_CONVERSION = YES;
				CLANG_WARN_INT_CONVERSION = YES;
				CLANG_WARN_OBJC_ROOT_CLASS = YES_ERROR;
				CLANG_WARN_UNREACHABLE_CODE = YES;
				CLANG_WARN__DUPLICATE_METHOD_MATCH = YES;
				"CODE_SIGN_IDENTITY[sdk=iphoneos*]" = "iPhone Developer";
				COPY_PHASE_STRIP = NO;
				DEBUG_INFORMATION_FORMAT = "dwarf-with-dsym";
				ENABLE_NS_ASSERTIONS = NO;
				ENABLE_STRICT_OBJC_MSGSEND = YES;
				GCC_C_LANGUAGE_STANDARD = gnu99;
				GCC_NO_COMMON_BLOCKS = YES;
				GCC_WARN_64_TO_32_BIT_CONVERSION = YES;
				GCC_WARN_ABOUT_RETURN_TYPE = YES_ERROR;
				GCC_WARN_UNDECLARED_SELECTOR = YES;
				GCC_WARN_UNINITIALIZED_AUTOS = YES_AGGRESSIVE;
				GCC_WARN_UNUSED_FUNCTION = YES;
				GCC_WARN_UNUSED_VARIABLE = YES;
				IPHONEOS_DEPLOYMENT_TARGET = 9.3;
				MTL_ENABLE_DEBUG_INFO = NO;
				SDKROOT = iphoneos;
				TARGETED_DEVICE_FAMILY = "1,2";
				VALIDATE_PRODUCT = YES;
			};
			name = Release;
		};
		A9C749461CB3D8A600A39D28 /* Debug */ = {
			isa = XCBuildConfiguration;
			baseConfigurationReference = 268F11B7BBCA701E648B523B /* Pods-RequestResponse.debug.xcconfig */;
			buildSettings = {
				ASSETCATALOG_COMPILER_APPICON_NAME = AppIcon;
				INFOPLIST_FILE = RequestResponse/Info.plist;
				IPHONEOS_DEPLOYMENT_TARGET = 9.3;
				LD_RUNPATH_SEARCH_PATHS = "$(inherited) @executable_path/Frameworks";
				PRODUCT_BUNDLE_IDENTIFIER = "com.mukund-ravindra.RequestResponse";
				PRODUCT_NAME = "$(TARGET_NAME)";
				SDKROOT = iphoneos;
			};
			name = Debug;
		};
		A9C749471CB3D8A600A39D28 /* Release */ = {
			isa = XCBuildConfiguration;
			baseConfigurationReference = EF0981C0D0BA92787CE57900 /* Pods-RequestResponse.release.xcconfig */;
			buildSettings = {
				ASSETCATALOG_COMPILER_APPICON_NAME = AppIcon;
				INFOPLIST_FILE = RequestResponse/Info.plist;
				IPHONEOS_DEPLOYMENT_TARGET = 9.3;
				LD_RUNPATH_SEARCH_PATHS = "$(inherited) @executable_path/Frameworks";
				PRODUCT_BUNDLE_IDENTIFIER = "com.mukund-ravindra.RequestResponse";
				PRODUCT_NAME = "$(TARGET_NAME)";
				SDKROOT = iphoneos;
			};
			name = Release;
		};
/* End XCBuildConfiguration section */

/* Begin XCConfigurationList section */
		A9C7492E1CB3D8A500A39D28 /* Build configuration list for PBXProject "RequestResponse" */ = {
			isa = XCConfigurationList;
			buildConfigurations = (
				A9C749431CB3D8A600A39D28 /* Debug */,
				A9C749441CB3D8A600A39D28 /* Release */,
			);
			defaultConfigurationIsVisible = 0;
			defaultConfigurationName = Release;
		};
		A9C749451CB3D8A600A39D28 /* Build configuration list for PBXNativeTarget "RequestResponse" */ = {
			isa = XCConfigurationList;
			buildConfigurations = (
				A9C749461CB3D8A600A39D28 /* Debug */,
				A9C749471CB3D8A600A39D28 /* Release */,
			);
			defaultConfigurationIsVisible = 0;
			defaultConfigurationName = Release;
		};
/* End XCConfigurationList section */
	};
	rootObject = A9C7492B1CB3D8A500A39D28 /* Project object */;
}
